
Microsoft Visual Studio Solution File, Format Version 12.00
# Visual Studio Version 16
VisualStudioVersion = 16.0.30114.105
MinimumVisualStudioVersion = 10.0.40219.1
Project("{FAE04EC0-301F-11D3-BF4B-00C04F79EFBC}") = "github-actions-demo-app", "github-actions-demo-app\github-actions-demo-app.csproj", "{AEA4327D-E652-4BF8-B1CB-8445C6FDD242}"
EndProject
Project("{FAE04EC0-301F-11D3-BF4B-00C04F79EFBC}") = "github-actions-demo-app-tests", "github-actions-demo-app-tests\github-actions-demo-app-tests.csproj", "{EC670A4D-B756-436D-B132-64FAD94E41B6}"
EndProject
Global
	GlobalSection(SolutionConfigurationPlatforms) = preSolution
		Debug|Any CPU = Debug|Any CPU
		Debug|x64 = Debug|x64
		Debug|x86 = Debug|x86
		Release|Any CPU = Release|Any CPU
		Release|x64 = Release|x64
		Release|x86 = Release|x86
	EndGlobalSection
	GlobalSection(SolutionProperties) = preSolution
		HideSolutionNode = FALSE
	EndGlobalSection
	GlobalSection(ProjectConfigurationPlatforms) = postSolution
		{AEA4327D-E652-4BF8-B1CB-8445C6FDD242}.Debug|Any CPU.ActiveCfg = Debug|Any CPU
		{AEA4327D-E652-4BF8-B1CB-8445C6FDD242}.Debug|Any CPU.Build.0 = Debug|Any CPU
		{AEA4327D-E652-4BF8-B1CB-8445C6FDD242}.Debug|x64.ActiveCfg = Debug|Any CPU
		{AEA4327D-E652-4BF8-B1CB-8445C6FDD242}.Debug|x64.Build.0 = Debug|Any CPU
		{AEA4327D-E652-4BF8-B1CB-8445C6FDD242}.Debug|x86.ActiveCfg = Debug|Any CPU
		{AEA4327D-E652-4BF8-B1CB-8445C6FDD242}.Debug|x86.Build.0 = Debug|Any CPU
		{AEA4327D-E652-4BF8-B1CB-8445C6FDD242}.Release|Any CPU.ActiveCfg = Release|Any CPU
		{AEA4327D-E652-4BF8-B1CB-8445C6FDD242}.Release|Any CPU.Build.0 = Release|Any CPU
		{AEA4327D-E652-4BF8-B1CB-8445C6FDD242}.Release|x64.ActiveCfg = Release|Any CPU
		{AEA4327D-E652-4BF8-B1CB-8445C6FDD242}.Release|x64.Build.0 = Release|Any CPU
		{AEA4327D-E652-4BF8-B1CB-8445C6FDD242}.Release|x86.ActiveCfg = Release|Any CPU
		{AEA4327D-E652-4BF8-B1CB-8445C6FDD242}.Release|x86.Build.0 = Release|Any CPU
		{EC670A4D-B756-436D-B132-64FAD94E41B6}.Debug|Any CPU.ActiveCfg = Debug|Any CPU
		{EC670A4D-B756-436D-B132-64FAD94E41B6}.Debug|Any CPU.Build.0 = Debug|Any CPU
		{EC670A4D-B756-436D-B132-64FAD94E41B6}.Debug|x64.ActiveCfg = Debug|Any CPU
		{EC670A4D-B756-436D-B132-64FAD94E41B6}.Debug|x64.Build.0 = Debug|Any CPU
		{EC670A4D-B756-436D-B132-64FAD94E41B6}.Debug|x86.ActiveCfg = Debug|Any CPU
		{EC670A4D-B756-436D-B132-64FAD94E41B6}.Debug|x86.Build.0 = Debug|Any CPU
		{EC670A4D-B756-436D-B132-64FAD94E41B6}.Release|Any CPU.ActiveCfg = Release|Any CPU
		{EC670A4D-B756-436D-B132-64FAD94E41B6}.Release|Any CPU.Build.0 = Release|Any CPU
		{EC670A4D-B756-436D-B132-64FAD94E41B6}.Release|x64.ActiveCfg = Release|Any CPU
		{EC670A4D-B756-436D-B132-64FAD94E41B6}.Release|x64.Build.0 = Release|Any CPU
		{EC670A4D-B756-436D-B132-64FAD94E41B6}.Release|x86.ActiveCfg = Release|Any CPU
		{EC670A4D-B756-436D-B132-64FAD94E41B6}.Release|x86.Build.0 = Release|Any CPU
	EndGlobalSection
EndGlobal
